{
  "lockfile_version": "1",
  "packages": {
    "act": {
      "resolved": "github:NixOS/nixpkgs/fef9403a3e4d31b0a23f0bacebbec52c248fbb51?narHash=sha256-pF1quXG5wsgtyuPOHcLfYg%2Fft%2FQMr8NnX0i6tW2187s%3D#act",
      "source": "nixpkg"
    },
    "ast-grep": {
      "resolved": "github:NixOS/nixpkgs/fef9403a3e4d31b0a23f0bacebbec52c248fbb51?narHash=sha256-pF1quXG5wsgtyuPOHcLfYg%2Fft%2FQMr8NnX0i6tW2187s%3D#ast-grep",
      "source": "nixpkg"
    },
    "cargo": {
      "resolved": "github:NixOS/nixpkgs/207d15f1a6603226e1e223dc79ac29c7846da32e?narHash=sha256-H3AfG4ObMDTkTJYkd8cz1%2FRbY9LatN5Mk4UF48VuSXc%3D#cargo",
      "source": "nixpkg",
      "systems": {
        "x86_64-darwin": {
          "outputs": [
            {
              "path": "/nix/store/wf6279pgydd1nny4s5nx1msian6dbf9p-cargo-1.92.0",
              "default": true
            }
          ]
        },
        "x86_64-linux": {
          "outputs": [
            {
              "path": "/nix/store/yqcsaywfvcyy9wmbzb5fawp29icgi7cb-cargo-1.92.0",
              "default": true
            }
          ]
        }
      }
    },
    "clippy": {
      "resolved": "github:NixOS/nixpkgs/207d15f1a6603226e1e223dc79ac29c7846da32e?narHash=sha256-H3AfG4ObMDTkTJYkd8cz1%2FRbY9LatN5Mk4UF48VuSXc%3D#clippy",
      "source": "nixpkg",
      "systems": {
        "x86_64-darwin": {
          "outputs": [
            {
              "path": "/nix/store/34yqzpcjb1cms86lij7wkszcjxdivx6f-clippy-1.92.0",
              "default": true
            }
          ]
        },
        "x86_64-linux": {
          "outputs": [
            {
              "path": "/nix/store/zmrbcbd77w6nylgwyagnxh87all5swjf-clippy-1.92.0",
              "default": true
            }
          ]
        }
      }
    },
    "devbox": {
      "resolved": "github:NixOS/nixpkgs/207d15f1a6603226e1e223dc79ac29c7846da32e?narHash=sha256-H3AfG4ObMDTkTJYkd8cz1%2FRbY9LatN5Mk4UF48VuSXc%3D#devbox",
      "source": "nixpkg",
      "systems": {
        "x86_64-darwin": {
          "outputs": [
            {
              "path": "/nix/store/dlc4cafkn1rcsmshgwzxl9m3x9wxpk7p-devbox-0.16.0",
              "default": true
            }
          ]
        },
        "x86_64-linux": {
          "outputs": [
            {
              "path": "/nix/store/0mq5f8kr710na9hb88vzqc45q44v9qi2-devbox-0.16.0",
              "default": true
            }
          ]
        }
      }
    },
    "direnv": {
      "resolved": "github:NixOS/nixpkgs/207d15f1a6603226e1e223dc79ac29c7846da32e?narHash=sha256-H3AfG4ObMDTkTJYkd8cz1%2FRbY9LatN5Mk4UF48VuSXc%3D#direnv",
      "source": "nixpkg",
      "systems": {
        "x86_64-darwin": {
          "outputs": [
            {
              "path": "/nix/store/qr7mlb0hvnwl266mvx8py0snyy0k6q9v-direnv-2.37.1",
              "default": true
            }
          ]
        },
        "x86_64-linux": {
          "outputs": [
            {
              "path": "/nix/store/dvdlhzcb6yq1n29ilbmh154mnlxwx6z5-direnv-2.37.1",
              "default": true
            }
          ]
        }
      }
    },
    "gh": {
      "resolved": "github:NixOS/nixpkgs/fef9403a3e4d31b0a23f0bacebbec52c248fbb51?narHash=sha256-pF1quXG5wsgtyuPOHcLfYg%2Fft%2FQMr8NnX0i6tW2187s%3D#gh",
      "source": "nixpkg"
    },
    "git": {
      "resolved": "github:NixOS/nixpkgs/207d15f1a6603226e1e223dc79ac29c7846da32e?narHash=sha256-H3AfG4ObMDTkTJYkd8cz1%2FRbY9LatN5Mk4UF48VuSXc%3D#git",
      "source": "nixpkg",
      "systems": {
        "x86_64-darwin": {
          "outputs": [
            {
              "path": "/nix/store/sr42bfqa0pc2ysba678mrm49g78jdynp-git-2.52.0",
              "default": true
            }
          ]
        },
        "x86_64-linux": {
          "outputs": [
            {
              "path": "/nix/store/ipwndaag56mm8g8gn8j98z0jvn8x4mk1-git-2.52.0",
              "default": true
            }
          ]
        }
      }
    },
    "github:NixOS/nixpkgs/nixpkgs-unstable": {
      "last_modified": "2026-02-08T07:51:33Z",
      "resolved": "github:NixOS/nixpkgs/fef9403a3e4d31b0a23f0bacebbec52c248fbb51?lastModified=1770537093&narHash=sha256-pF1quXG5wsgtyuPOHcLfYg%2Fft%2FQMr8NnX0i6tW2187s%3D"
    },
    "glab": {
      "resolved": "github:NixOS/nixpkgs/fef9403a3e4d31b0a23f0bacebbec52c248fbb51?narHash=sha256-pF1quXG5wsgtyuPOHcLfYg%2Fft%2FQMr8NnX0i6tW2187s%3D#glab",
      "source": "nixpkg"
    },
    "just": {
      "resolved": "github:NixOS/nixpkgs/207d15f1a6603226e1e223dc79ac29c7846da32e?narHash=sha256-H3AfG4ObMDTkTJYkd8cz1%2FRbY9LatN5Mk4UF48VuSXc%3D#just",
      "source": "nixpkg"
    },
    "rust-analyzer": {
      "resolved": "github:NixOS/nixpkgs/fef9403a3e4d31b0a23f0bacebbec52c248fbb51?narHash=sha256-pF1quXG5wsgtyuPOHcLfYg%2Fft%2FQMr8NnX0i6tW2187s%3D#rust-analyzer",
      "source": "nixpkg"
    },
    "rustc": {
      "plugin_version": "0.0.1",
      "resolved": "github:NixOS/nixpkgs/207d15f1a6603226e1e223dc79ac29c7846da32e?narHash=sha256-H3AfG4ObMDTkTJYkd8cz1%2FRbY9LatN5Mk4UF48VuSXc%3D#rustc",
      "source": "nixpkg",
      "systems": {
        "x86_64-darwin": {
          "outputs": [
            {
              "path": "/nix/store/zkcwgmgli06nsh0v8yv82gnh5whgcdyl-rustc-wrapper-1.92.0",
              "default": true
            },
            {
              "name": "man",
              "path": "/nix/store/2k3fdy9xjwkx06rlfwfn449w442vgk0i-rustc-wrapper-1.92.0-man",
              "default": true
            }
          ]
        },
        "x86_64-linux": {
          "outputs": [
            {
              "name": "man",
              "path": "/nix/store/n1d4093lcx7ljgks1j352fbrf5w551v9-rustc-wrapper-1.92.0-man",
              "default": true
            },
            {
              "path": "/nix/store/qvpg842zrjkywv7sqgw2h05spdyzcj86-rustc-wrapper-1.92.0",
              "default": true
            }
          ]
        }
      }
    },
    "rustfmt": {
      "resolved": "github:NixOS/nixpkgs/207d15f1a6603226e1e223dc79ac29c7846da32e?narHash=sha256-H3AfG4ObMDTkTJYkd8cz1%2FRbY9LatN5Mk4UF48VuSXc%3D#rustfmt",
      "source": "nixpkg",
      "systems": {
        "x86_64-darwin": {
          "outputs": [
            {
              "path": "/nix/store/dnjwscz1r33dkmikx3ms58qmhr60db9i-rustfmt-1.92.0",
              "default": true
            }
          ]
        },
        "x86_64-linux": {
          "outputs": [
            {
              "path": "/nix/store/gl4y2v4lwiyllh85z712w8ajydia053l-rustfmt-1.92.0",
              "default": true
            }
          ]
        }
      }
    },
    "sd": {
      "resolved": "github:NixOS/nixpkgs/207d15f1a6603226e1e223dc79ac29c7846da32e?narHash=sha256-H3AfG4ObMDTkTJYkd8cz1%2FRbY9LatN5Mk4UF48VuSXc%3D#sd",
      "source": "nixpkg",
      "systems": {
        "x86_64-darwin": {
          "outputs": [
            {
              "path": "/nix/store/4iqsyp0dcjcjx96rr1v64vwwck05aylv-sd-1.0.0",
              "default": true
            }
          ]
        },
        "x86_64-linux": {
          "outputs": [
            {
              "path": "/nix/store/iyccq3hir1fhswk3qg1zpbbxndj938f0-sd-1.0.0",
              "default": true
            }
          ]
        }
      }
    },
    "yq-go": {
      "resolved": "github:NixOS/nixpkgs/207d15f1a6603226e1e223dc79ac29c7846da32e?narHash=sha256-H3AfG4ObMDTkTJYkd8cz1%2FRbY9LatN5Mk4UF48VuSXc%3D#yq-go",
      "source": "nixpkg",
      "systems": {
        "x86_64-darwin": {
          "outputs": [
            {
              "path": "/nix/store/z3r8ynh5vwm66vf7i2czc164rwvch7cz-yq-go-4.50.1",
              "default": true
            }
          ]
        },
        "x86_64-linux": {
          "outputs": [
            {
              "path": "/nix/store/vw048akg3chy15xk9anfiv4jkkq0g40x-yq-go-4.50.1",
              "default": true
            }
          ]
        }
      }
    }
  }
}
